
Microsoft Visual Studio Solution File, Format Version 12.00
# Visual Studio Version 17
VisualStudioVersion = 17.8.34330.188
MinimumVisualStudioVersion = 10.0.40219.1
Project("{FAE04EC0-301F-11D3-BF4B-00C04F79EFBC}") = "LuckyAPi", "LuckyAPi\LuckyAPi.csproj", "{17AC9E01-0DEF-4DE6-A606-A07A8F74E086}"
EndProject
Global
	GlobalSection(SolutionConfigurationPlatforms) = preSolution
		Debug|Any CPU = Debug|Any CPU
		Release|Any CPU = Release|Any CPU
	EndGlobalSection
	GlobalSection(ProjectConfigurationPlatforms) = postSolution
		{17AC9E01-0DEF-4DE6-A606-A07A8F74E086}.Debug|Any CPU.ActiveCfg = Debug|Any CPU
		{17AC9E01-0DEF-4DE6-A606-A07A8F74E086}.Debug|Any CPU.Build.0 = Debug|Any CPU
		{17AC9E01-0DEF-4DE6-A606-A07A8F74E086}.Release|Any CPU.ActiveCfg = Release|Any CPU
		{17AC9E01-0DEF-4DE6-A606-A07A8F74E086}.Release|Any CPU.Build.0 = Release|Any CPU
	EndGlobalSection
	GlobalSection(SolutionProperties) = preSolution
		HideSolutionNode = FALSE
	EndGlobalSection
	GlobalSection(ExtensibilityGlobals) = postSolution
		SolutionGuid = {481968C5-AEFE-45DB-BDB5-90013CA6F268}
	EndGlobalSection
EndGlobal
